
Microsoft Visual Studio Solution File, Format Version 12.00
# Visual Studio 2013
VisualStudioVersion = 12.0.31101.0
MinimumVisualStudioVersion = 10.0.40219.1
Project("{8BC9CEB8-8B4A-11D0-8D11-00A0C91BC942}") = "Non-type and default arguments", "Non-type and default arguments\Non-type and default arguments.vcxproj", "{F53CE3BC-0A68-40A1-84B6-A5F9FE890D1F}"
EndProject
Global
	GlobalSection(SolutionConfigurationPlatforms) = preSolution
		Debug|Win32 = Debug|Win32
		Release|Win32 = Release|Win32
	EndGlobalSection
	GlobalSection(ProjectConfigurationPlatforms) = postSolution
		{F53CE3BC-0A68-40A1-84B6-A5F9FE890D1F}.Debug|Win32.ActiveCfg = Debug|Win32
		{F53CE3BC-0A68-40A1-84B6-A5F9FE890D1F}.Debug|Win32.Build.0 = Debug|Win32
		{F53CE3BC-0A68-40A1-84B6-A5F9FE890D1F}.Release|Win32.ActiveCfg = Release|Win32
		{F53CE3BC-0A68-40A1-84B6-A5F9FE890D1F}.Release|Win32.Build.0 = Release|Win32
	EndGlobalSection
	GlobalSection(SolutionProperties) = preSolution
		HideSolutionNode = FALSE
	EndGlobalSection
EndGlobal
